
Microsoft Visual Studio Solution File, Format Version 12.00
# Visual Studio Version 16
VisualStudioVersion = 16.0.30503.244
MinimumVisualStudioVersion = 10.0.40219.1
Project("{FAE04EC0-301F-11D3-BF4B-00C04F79EFBC}") = "WebVideoPlayer", "WebVideoPlayer\WebVideoPlayer.csproj", "{7C140FD9-3AD9-4E2B-9A3E-90DB6511BE3B}"
EndProject
Global
	GlobalSection(SolutionConfigurationPlatforms) = preSolution
		Debug|Any CPU = Debug|Any CPU
		Release|Any CPU = Release|Any CPU
	EndGlobalSection
	GlobalSection(ProjectConfigurationPlatforms) = postSolution
		{7C140FD9-3AD9-4E2B-9A3E-90DB6511BE3B}.Debug|Any CPU.ActiveCfg = Debug|Any CPU
		{7C140FD9-3AD9-4E2B-9A3E-90DB6511BE3B}.Debug|Any CPU.Build.0 = Debug|Any CPU
		{7C140FD9-3AD9-4E2B-9A3E-90DB6511BE3B}.Release|Any CPU.ActiveCfg = Release|Any CPU
		{7C140FD9-3AD9-4E2B-9A3E-90DB6511BE3B}.Release|Any CPU.Build.0 = Release|Any CPU
	EndGlobalSection
	GlobalSection(SolutionProperties) = preSolution
		HideSolutionNode = FALSE
	EndGlobalSection
	GlobalSection(ExtensibilityGlobals) = postSolution
		SolutionGuid = {75B202AC-510D-46F6-8087-CEB8A6E35E41}
	EndGlobalSection
EndGlobal
